// !$*UTF8*$!
{
	archiveVersion = 1;
	classes = {
	};
	objectVersion = 46;
	objects = {

/* Begin PBXBuildFile section */
		FE01EA8B1ECDA5E900351E1A /* AppDelegate.swift in Sources */ = {isa = PBXBuildFile; fileRef = FE01EA8A1ECDA5E900351E1A /* AppDelegate.swift */; };
		FE01EA8D1ECDA5E900351E1A /* ViewController.swift in Sources */ = {isa = PBXBuildFile; fileRef = FE01EA8C1ECDA5E900351E1A /* ViewController.swift */; };
		FE01EA901ECDA5E900351E1A /* Main.storyboard in Resources */ = {isa = PBXBuildFile; fileRef = FE01EA8E1ECDA5E900351E1A /* Main.storyboard */; };
		FE01EA921ECDA5E900351E1A /* Assets.xcassets in Resources */ = {isa = PBXBuildFile; fileRef = FE01EA911ECDA5E900351E1A /* Assets.xcassets */; };
		FE01EA951ECDA5E900351E1A /* LaunchScreen.storyboard in Resources */ = {isa = PBXBuildFile; fileRef = FE01EA931ECDA5E900351E1A /* LaunchScreen.storyboard */; };
		FE01EAA01ECDA5E900351E1A /* FoodTrackerTests.swift in Sources */ = {isa = PBXBuildFile; fileRef = FE01EA9F1ECDA5E900351E1A /* FoodTrackerTests.swift */; };
/* End PBXBuildFile section */

/* Begin PBXContainerItemProxy section */
		FE01EA9C1ECDA5E900351E1A /* PBXContainerItemProxy */ = {
			isa = PBXContainerItemProxy;
			containerPortal = FE01EA7F1ECDA5E900351E1A /* Project object */;
			proxyType = 1;
			remoteGlobalIDString = FE01EA861ECDA5E900351E1A;
			remoteInfo = FoodTracker;
		};
/* End PBXContainerItemProxy section */

/* Begin PBXFileReference section */
		FE01EA871ECDA5E900351E1A /* FoodTracker.app */ = {isa = PBXFileReference; explicitFileType = wrapper.application; includeInIndex = 0; path = FoodTracker.app; sourceTree = BUILT_PRODUCTS_DIR; };
		FE01EA8A1ECDA5E900351E1A /* AppDelegate.swift */ = {isa = PBXFileReference; lastKnownFileType = sourcecode.swift; path = AppDelegate.swift; sourceTree = "<group>"; };
		FE01EA8C1ECDA5E900351E1A /* ViewController.swift */ = {isa = PBXFileReference; lastKnownFileType = sourcecode.swift; path = ViewController.swift; sourceTree = "<group>"; };
		FE01EA8F1ECDA5E900351E1A /* Base */ = {isa = PBXFileReference; lastKnownFileType = file.storyboard; name = Base; path = Base.lproj/Main.storyboard; sourceTree = "<group>"; };
		FE01EA911ECDA5E900351E1A /* Assets.xcassets */ = {isa = PBXFileReference; lastKnownFileType = folder.assetcatalog; path = Assets.xcassets; sourceTree = "<group>"; };
		FE01EA941ECDA5E900351E1A /* Base */ = {isa = PBXFileReference; lastKnownFileType = file.storyboard; name = Base; path = Base.lproj/LaunchScreen.storyboard; sourceTree = "<group>"; };
		FE01EA961ECDA5E900351E1A /* Info.plist */ = {isa = PBXFileReference; lastKnownFileType = text.plist.xml; path = Info.plist; sourceTree = "<group>"; };
		FE01EA9B1ECDA5E900351E1A /* FoodTrackerTests.xctest */ = {isa = PBXFileReference; explicitFileType = wrapper.cfbundle; includeInIndex = 0; path = FoodTrackerTests.xctest; sourceTree = BUILT_PRODUCTS_DIR; };
		FE01EA9F1ECDA5E900351E1A /* FoodTrackerTests.swift */ = {isa = PBXFileReference; lastKnownFileType = sourcecode.swift; path = FoodTrackerTests.swift; sourceTree = "<group>"; };
		FE01EAA11ECDA5E900351E1A /* Info.plist */ = {isa = PBXFileReference; lastKnownFileType = text.plist.xml; path = Info.plist; sourceTree = "<group>"; };
/* End PBXFileReference section */

/* Begin PBXFrameworksBuildPhase section */
		FE01EA841ECDA5E900351E1A /* Frameworks */ = {
			isa = PBXFrameworksBuildPhase;
			buildActionMask = 2147483647;
			files = (
			);
			runOnlyForDeploymentPostprocessing = 0;
		};
		FE01EA981ECDA5E900351E1A /* Frameworks */ = {
			isa = PBXFrameworksBuildPhase;
			buildActionMask = 2147483647;
			files = (
			);
			runOnlyForDeploymentPostprocessing = 0;
		};
/* End PBXFrameworksBuildPhase section */

/* Begin PBXGroup section */
		FE01EA7E1ECDA5E900351E1A = {
			isa = PBXGroup;
			children = (
				FE01EA891ECDA5E900351E1A /* FoodTracker */,
				FE01EA9E1ECDA5E900351E1A /* FoodTrackerTests */,
				FE01EA881ECDA5E900351E1A /* Products */,
			);
			sourceTree = "<group>";
		};
		FE01EA881ECDA5E900351E1A /* Products */ = {
			isa = PBXGroup;
			children = (
				FE01EA871ECDA5E900351E1A /* FoodTracker.app */,
				FE01EA9B1ECDA5E900351E1A /* FoodTrackerTests.xctest */,
			);
			name = Products;
			sourceTree = "<group>";
		};
		FE01EA891ECDA5E900351E1A /* FoodTracker */ = {
			isa = PBXGroup;
			children = (
				FE01EA8A1ECDA5E900351E1A /* AppDelegate.swift */,
				FE01EA8C1ECDA5E900351E1A /* ViewController.swift */,
				FE01EA8E1ECDA5E900351E1A /* Main.storyboard */,
				FE01EA911ECDA5E900351E1A /* Assets.xcassets */,
				FE01EA931ECDA5E900351E1A /* LaunchScreen.storyboard */,
				FE01EA961ECDA5E900351E1A /* Info.plist */,
			);
			path = FoodTracker;
			sourceTree = "<group>";
		};
		FE01EA9E1ECDA5E900351E1A /* FoodTrackerTests */ = {
			isa = PBXGroup;
			children = (
				FE01EA9F1ECDA5E900351E1A /* FoodTrackerTests.swift */,
				FE01EAA11ECDA5E900351E1A /* Info.plist */,
			);
			path = FoodTrackerTests;
			sourceTree = "<group>";
		};
/* End PBXGroup section */

/* Begin PBXNativeTarget section */
		FE01EA861ECDA5E900351E1A /* FoodTracker */ = {
			isa = PBXNativeTarget;
			buildConfigurationList = FE01EAA41ECDA5E900351E1A /* Build configuration list for PBXNativeTarget "FoodTracker" */;
			buildPhases = (
				FE01EA831ECDA5E900351E1A /* Sources */,
				FE01EA841ECDA5E900351E1A /* Frameworks */,
				FE01EA851ECDA5E900351E1A /* Resources */,
			);
			buildRules = (
			);
			dependencies = (
			);
			name = FoodTracker;
			productName = FoodTracker;
			productReference = FE01EA871ECDA5E900351E1A /* FoodTracker.app */;
			productType = "com.apple.product-type.application";
		};
		FE01EA9A1ECDA5E900351E1A /* FoodTrackerTests */ = {
			isa = PBXNativeTarget;
			buildConfigurationList = FE01EAA71ECDA5E900351E1A /* Build configuration list for PBXNativeTarget "FoodTrackerTests" */;
			buildPhases = (
				FE01EA971ECDA5E900351E1A /* Sources */,
				FE01EA981ECDA5E900351E1A /* Frameworks */,
				FE01EA991ECDA5E900351E1A /* Resources */,
			);
			buildRules = (
			);
			dependencies = (
				FE01EA9D1ECDA5E900351E1A /* PBXTargetDependency */,
			);
			name = FoodTrackerTests;
			productName = FoodTrackerTests;
			productReference = FE01EA9B1ECDA5E900351E1A /* FoodTrackerTests.xctest */;
			productType = "com.apple.product-type.bundle.unit-test";
		};
/* End PBXNativeTarget section */

/* Begin PBXProject section */
		FE01EA7F1ECDA5E900351E1A /* Project object */ = {
			isa = PBXProject;
			attributes = {
				LastSwiftUpdateCheck = 0830;
				LastUpgradeCheck = 0830;
				ORGANIZATIONNAME = "axel-grossmann.fr";
				TargetAttributes = {
					FE01EA861ECDA5E900351E1A = {
						CreatedOnToolsVersion = 8.3.2;
						ProvisioningStyle = Automatic;
					};
					FE01EA9A1ECDA5E900351E1A = {
						CreatedOnToolsVersion = 8.3.2;
						ProvisioningStyle = Automatic;
						TestTargetID = FE01EA861ECDA5E900351E1A;
					};
				};
			};
			buildConfigurationList = FE01EA821ECDA5E900351E1A /* Build configuration list for PBXProject "FoodTracker" */;
			compatibilityVersion = "Xcode 3.2";
			developmentRegion = English;
			hasScannedForEncodings = 0;
			knownRegions = (
				en,
				Base,
			);
			mainGroup = FE01EA7E1ECDA5E900351E1A;
			productRefGroup = FE01EA881ECDA5E900351E1A /* Products */;
			projectDirPath = "";
			projectRoot = "";
			targets = (
				FE01EA861ECDA5E900351E1A /* FoodTracker */,
				FE01EA9A1ECDA5E900351E1A /* FoodTrackerTests */,
			);
		};
/* End PBXProject section */

/* Begin PBXResourcesBuildPhase section */
		FE01EA851ECDA5E900351E1A /* Resources */ = {
			isa = PBXResourcesBuildPhase;
			buildActionMask = 2147483647;
			files = (
				FE01EA951ECDA5E900351E1A /* LaunchScreen.storyboard in Resources */,
				FE01EA921ECDA5E900351E1A /* Assets.xcassets in Resources */,
				FE01EA901ECDA5E900351E1A /* Main.storyboard in Resources */,
			);
			runOnlyForDeploymentPostprocessing = 0;
		};
		FE01EA991ECDA5E900351E1A /* Resources */ = {
			isa = PBXResourcesBuildPhase;
			buildActionMask = 2147483647;
			files = (
			);
			runOnlyForDeploymentPostprocessing = 0;
		};
/* End PBXResourcesBuildPhase section */

/* Begin PBXSourcesBuildPhase section */
		FE01EA831ECDA5E900351E1A /* Sources */ = {
			isa = PBXSourcesBuildPhase;
			buildActionMask = 2147483647;
			files = (
				FE01EA8D1ECDA5E900351E1A /* ViewController.swift in Sources */,
				FE01EA8B1ECDA5E900351E1A /* AppDelegate.swift in Sources */,
			);
			runOnlyForDeploymentPostprocessing = 0;
		};
		FE01EA971ECDA5E900351E1A /* Sources */ = {
			isa = PBXSourcesBuildPhase;
			buildActionMask = 2147483647;
			files = (
				FE01EAA01ECDA5E900351E1A /* FoodTrackerTests.swift in Sources */,
			);
			runOnlyForDeploymentPostprocessing = 0;
		};
/* End PBXSourcesBuildPhase section */

/* Begin PBXTargetDependency section */
		FE01EA9D1ECDA5E900351E1A /* PBXTargetDependency */ = {
			isa = PBXTargetDependency;
			target = FE01EA861ECDA5E900351E1A /* FoodTracker */;
			targetProxy = FE01EA9C1ECDA5E900351E1A /* PBXContainerItemProxy */;
		};
/* End PBXTargetDependency section */

/* Begin PBXVariantGroup section */
		FE01EA8E1ECDA5E900351E1A /* Main.storyboard */ = {
			isa = PBXVariantGroup;
			children = (
				FE01EA8F1ECDA5E900351E1A /* Base */,
			);
			name = Main.storyboard;
			sourceTree = "<group>";
		};
		FE01EA931ECDA5E900351E1A /* LaunchScreen.storyboard */ = {
			isa = PBXVariantGroup;
			children = (
				FE01EA941ECDA5E900351E1A /* Base */,
			);
			name = LaunchScreen.storyboard;
			sourceTree = "<group>";
		};
/* End PBXVariantGroup section */

/* Begin XCBuildConfiguration section */
		FE01EAA21ECDA5E900351E1A /* Debug */ = {
			isa = XCBuildConfiguration;
			buildSettings = {
				ALWAYS_SEARCH_USER_PATHS = NO;
				CLANG_ANALYZER_NONNULL = YES;
				CLANG_ANALYZER_NUMBER_OBJECT_CONVERSION = YES_AGGRESSIVE;
				CLANG_CXX_LANGUAGE_STANDARD = "gnu++0x";
				CLANG_CXX_LIBRARY = "libc++";
				CLANG_ENABLE_MODULES = YES;
				CLANG_ENABLE_OBJC_ARC = YES;
				CLANG_WARN_BOOL_CONVERSION = YES;
				CLANG_WARN_CONSTANT_CONVERSION = YES;
				CLANG_WARN_DIRECT_OBJC_ISA_USAGE = YES_ERROR;
				CLANG_WARN_DOCUMENTATION_COMMENTS = YES;
				CLANG_WARN_EMPTY_BODY = YES;
				CLANG_WARN_ENUM_CONVERSION = YES;
				CLANG_WARN_INFINITE_RECURSION = YES;
				CLANG_WARN_INT_CONVERSION = YES;
				CLANG_WARN_OBJC_ROOT_CLASS = YES_ERROR;
				CLANG_WARN_SUSPICIOUS_MOVE = YES;
				CLANG_WARN_UNREACHABLE_CODE = YES;
				CLANG_WARN__DUPLICATE_METHOD_MATCH = YES;
				"CODE_SIGN_IDENTITY[sdk=iphoneos*]" = "iPhone Developer";
				COPY_PHASE_STRIP = NO;
				DEBUG_INFORMATION_FORMAT = dwarf;
				ENABLE_STRICT_OBJC_MSGSEND = YES;
				ENABLE_TESTABILITY = YES;
				GCC_C_LANGUAGE_STANDARD = gnu99;
				GCC_DYNAMIC_NO_PIC = NO;
				GCC_NO_COMMON_BLOCKS = YES;
				GCC_OPTIMIZATION_LEVEL = 0;
				GCC_PREPROCESSOR_DEFINITIONS = (
					"DEBUG=1",
					"$(inherited)",
				);
				GCC_WARN_64_TO_32_BIT_CONVERSION = YES;
				GCC_WARN_ABOUT_RETURN_TYPE = YES_ERROR;
				GCC_WARN_UNDECLARED_SELECTOR = YES;
				GCC_WARN_UNINITIALIZED_AUTOS = YES_AGGRESSIVE;
				GCC_WARN_UNUSED_FUNCTION = YES;
				GCC_WARN_UNUSED_VARIABLE = YES;
				IPHONEOS_DEPLOYMENT_TARGET = 10.3;
				MTL_ENABLE_DEBUG_INFO = YES;
				ONLY_ACTIVE_ARCH = YES;
				SDKROOT = iphoneos;
				SWIFT_ACTIVE_COMPILATION_CONDITIONS = DEBUG;
				SWIFT_OPTIMIZATION_LEVEL = "-Onone";
				TARGETED_DEVICE_FAMILY = "1,2";
			};
			name = Debug;
		};
		FE01EAA31ECDA5E900351E1A /* Release */ = {
			isa = XCBuildConfiguration;
			buildSettings = {
				ALWAYS_SEARCH_USER_PATHS = NO;
				CLANG_ANALYZER_NONNULL = YES;
				CLANG_ANALYZER_NUMBER_OBJECT_CONVERSION = YES_AGGRESSIVE;
				CLANG_CXX_LANGUAGE_STANDARD = "gnu++0x";
				CLANG_CXX_LIBRARY = "libc++";
				CLANG_ENABLE_MODULES = YES;
				CLANG_ENABLE_OBJC_ARC = YES;
				CLANG_WARN_BOOL_CONVERSION = YES;
				CLANG_WARN_CONSTANT_CONVERSION = YES;
				CLANG_WARN_DIRECT_OBJC_ISA_USAGE = YES_ERROR;
				CLANG_WARN_DOCUMENTATION_COMMENTS = YES;
				CLANG_WARN_EMPTY_BODY = YES;
				CLANG_WARN_ENUM_CONVERSION = YES;
				CLANG_WARN_INFINITE_RECURSION = YES;
				CLANG_WARN_INT_CONVERSION = YES;
				CLANG_WARN_OBJC_ROOT_CLASS = YES_ERROR;
				CLANG_WARN_SUSPICIOUS_MOVE = YES;
				CLANG_WARN_UNREACHABLE_CODE = YES;
				CLANG_WARN__DUPLICATE_METHOD_MATCH = YES;
				"CODE_SIGN_IDENTITY[sdk=iphoneos*]" = "iPhone Developer";
				COPY_PHASE_STRIP = NO;
				DEBUG_INFORMATION_FORMAT = "dwarf-with-dsym";
				ENABLE_NS_ASSERTIONS = NO;
				ENABLE_STRICT_OBJC_MSGSEND = YES;
				GCC_C_LANGUAGE_STANDARD = gnu99;
				GCC_NO_COMMON_BLOCKS = YES;
				GCC_WARN_64_TO_32_BIT_CONVERSION = YES;
				GCC_WARN_ABOUT_RETURN_TYPE = YES_ERROR;
				GCC_WARN_UNDECLARED_SELECTOR = YES;
				GCC_WARN_UNINITIALIZED_AUTOS = YES_AGGRESSIVE;
				GCC_WARN_UNUSED_FUNCTION = YES;
				GCC_WARN_UNUSED_VARIABLE = YES;
				IPHONEOS_DEPLOYMENT_TARGET = 10.3;
				MTL_ENABLE_DEBUG_INFO = NO;
				SDKROOT = iphoneos;
				SWIFT_OPTIMIZATION_LEVEL = "-Owholemodule";
				TARGETED_DEVICE_FAMILY = "1,2";
				VALIDATE_PRODUCT = YES;
			};
			name = Release;
		};
		FE01EAA51ECDA5E900351E1A /* Debug */ = {
			isa = XCBuildConfiguration;
			buildSettings = {
				ASSETCATALOG_COMPILER_APPICON_NAME = AppIcon;
				INFOPLIST_FILE = FoodTracker/Info.plist;
				LD_RUNPATH_SEARCH_PATHS = "$(inherited) @executable_path/Frameworks";
				PRODUCT_BUNDLE_IDENTIFIER = "fr.axel-grossmann.FoodTracker";
				PRODUCT_NAME = "$(TARGET_NAME)";
				SWIFT_VERSION = 3.0;
			};
			name = Debug;
		};
		FE01EAA61ECDA5E900351E1A /* Release */ = {
			isa = XCBuildConfiguration;
			buildSettings = {
				ASSETCATALOG_COMPILER_APPICON_NAME = AppIcon;
				INFOPLIST_FILE = FoodTracker/Info.plist;
				LD_RUNPATH_SEARCH_PATHS = "$(inherited) @executable_path/Frameworks";
				PRODUCT_BUNDLE_IDENTIFIER = "fr.axel-grossmann.FoodTracker";
				PRODUCT_NAME = "$(TARGET_NAME)";
				SWIFT_VERSION = 3.0;
			};
			name = Release;
		};
		FE01EAA81ECDA5E900351E1A /* Debug */ = {
			isa = XCBuildConfiguration;
			buildSettings = {
				ALWAYS_EMBED_SWIFT_STANDARD_LIBRARIES = YES;
				BUNDLE_LOADER = "$(TEST_HOST)";
				INFOPLIST_FILE = FoodTrackerTests/Info.plist;
				LD_RUNPATH_SEARCH_PATHS = "$(inherited) @executable_path/Frameworks @loader_path/Frameworks";
				PRODUCT_BUNDLE_IDENTIFIER = "fr.axel-grossmann.FoodTrackerTests";
				PRODUCT_NAME = "$(TARGET_NAME)";
				SWIFT_VERSION = 3.0;
				TEST_HOST = "$(BUILT_PRODUCTS_DIR)/FoodTracker.app/FoodTracker";
			};
			name = Debug;
		};
		FE01EAA91ECDA5E900351E1A /* Release */ = {
			isa = XCBuildConfiguration;
			buildSettings = {
				ALWAYS_EMBED_SWIFT_STANDARD_LIBRARIES = YES;
				BUNDLE_LOADER = "$(TEST_HOST)";
				INFOPLIST_FILE = FoodTrackerTests/Info.plist;
				LD_RUNPATH_SEARCH_PATHS = "$(inherited) @executable_path/Frameworks @loader_path/Frameworks";
				PRODUCT_BUNDLE_IDENTIFIER = "fr.axel-grossmann.FoodTrackerTests";
				PRODUCT_NAME = "$(TARGET_NAME)";
				SWIFT_VERSION = 3.0;
				TEST_HOST = "$(BUILT_PRODUCTS_DIR)/FoodTracker.app/FoodTracker";
			};
			name = Release;
		};
/* End XCBuildConfiguration section */

/* Begin XCConfigurationList section */
		FE01EA821ECDA5E900351E1A /* Build configuration list for PBXProject "FoodTracker" */ = {
			isa = XCConfigurationList;
			buildConfigurations = (
				FE01EAA21ECDA5E900351E1A /* Debug */,
				FE01EAA31ECDA5E900351E1A /* Release */,
			);
			defaultConfigurationIsVisible = 0;
			defaultConfigurationName = Release;
		};
		FE01EAA41ECDA5E900351E1A /* Build configuration list for PBXNativeTarget "FoodTracker" */ = {
			isa = XCConfigurationList;
			buildConfigurations = (
				FE01EAA51ECDA5E900351E1A /* Debug */,
				FE01EAA61ECDA5E900351E1A /* Release */,
			);
			defaultConfigurationIsVisible = 0;
			defaultConfigurationName = Release;
		};
		FE01EAA71ECDA5E900351E1A /* Build configuration list for PBXNativeTarget "FoodTrackerTests" */ = {
			isa = XCConfigurationList;
			buildConfigurations = (
				FE01EAA81ECDA5E900351E1A /* Debug */,
				FE01EAA91ECDA5E900351E1A /* Release */,
			);
			defaultConfigurationIsVisible = 0;
			defaultConfigurationName = Release;
		};
/* End XCConfigurationList section */
	};
	rootObject = FE01EA7F1ECDA5E900351E1A /* Project object */;
}
